
Microsoft Visual Studio Solution File, Format Version 12.00
# Visual Studio Version 16
VisualStudioVersion = 16.0.30907.101
MinimumVisualStudioVersion = 10.0.40219.1
Project("{9A19103F-16F7-4668-BE54-9A1E7A4F7556}") = "KampIntro", "KampIntro\KampIntro.csproj", "{A753A779-4B1D-4FE8-8EDD-516F07E07F1F}"
EndProject
Project("{9A19103F-16F7-4668-BE54-9A1E7A4F7556}") = "Donguler", "Donguler\Donguler.csproj", "{CEEC98D1-0A5E-4A42-B83B-CE8D67CBC8DB}"
EndProject
Project("{9A19103F-16F7-4668-BE54-9A1E7A4F7556}") = "ClassIntro", "ClassIntro\ClassIntro.csproj", "{130196EA-5032-461E-8BCF-0CD3F1424071}"
EndProject
Project("{FAE04EC0-301F-11D3-BF4B-00C04F79EFBC}") = "Metotlar", "Metotlar\Metotlar.csproj", "{748F5649-C683-4BFD-97CB-AD90EF106218}"
EndProject
Project("{FAE04EC0-301F-11D3-BF4B-00C04F79EFBC}") = "Matematik", "Matematik\Matematik.csproj", "{DBE64E20-EDC7-40EB-8313-3994AE0ACEDB}"
EndProject
Project("{FAE04EC0-301F-11D3-BF4B-00C04F79EFBC}") = "DegerVeReferansTipler", "DegerVeReferansTipler\DegerVeReferansTipler.csproj", "{EA32F3D6-3D82-4026-9F1B-2E576253439B}"
EndProject
Global
	GlobalSection(SolutionConfigurationPlatforms) = preSolution
		Debug|Any CPU = Debug|Any CPU
		Release|Any CPU = Release|Any CPU
	EndGlobalSection
	GlobalSection(ProjectConfigurationPlatforms) = postSolution
		{A753A779-4B1D-4FE8-8EDD-516F07E07F1F}.Debug|Any CPU.ActiveCfg = Debug|Any CPU
		{A753A779-4B1D-4FE8-8EDD-516F07E07F1F}.Debug|Any CPU.Build.0 = Debug|Any CPU
		{A753A779-4B1D-4FE8-8EDD-516F07E07F1F}.Release|Any CPU.ActiveCfg = Release|Any CPU
		{A753A779-4B1D-4FE8-8EDD-516F07E07F1F}.Release|Any CPU.Build.0 = Release|Any CPU
		{CEEC98D1-0A5E-4A42-B83B-CE8D67CBC8DB}.Debug|Any CPU.ActiveCfg = Debug|Any CPU
		{CEEC98D1-0A5E-4A42-B83B-CE8D67CBC8DB}.Debug|Any CPU.Build.0 = Debug|Any CPU
		{CEEC98D1-0A5E-4A42-B83B-CE8D67CBC8DB}.Release|Any CPU.ActiveCfg = Release|Any CPU
		{CEEC98D1-0A5E-4A42-B83B-CE8D67CBC8DB}.Release|Any CPU.Build.0 = Release|Any CPU
		{130196EA-5032-461E-8BCF-0CD3F1424071}.Debug|Any CPU.ActiveCfg = Debug|Any CPU
		{130196EA-5032-461E-8BCF-0CD3F1424071}.Debug|Any CPU.Build.0 = Debug|Any CPU
		{130196EA-5032-461E-8BCF-0CD3F1424071}.Release|Any CPU.ActiveCfg = Release|Any CPU
		{130196EA-5032-461E-8BCF-0CD3F1424071}.Release|Any CPU.Build.0 = Release|Any CPU
		{748F5649-C683-4BFD-97CB-AD90EF106218}.Debug|Any CPU.ActiveCfg = Debug|Any CPU
		{748F5649-C683-4BFD-97CB-AD90EF106218}.Debug|Any CPU.Build.0 = Debug|Any CPU
		{748F5649-C683-4BFD-97CB-AD90EF106218}.Release|Any CPU.ActiveCfg = Release|Any CPU
		{748F5649-C683-4BFD-97CB-AD90EF106218}.Release|Any CPU.Build.0 = Release|Any CPU
		{DBE64E20-EDC7-40EB-8313-3994AE0ACEDB}.Debug|Any CPU.ActiveCfg = Debug|Any CPU
		{DBE64E20-EDC7-40EB-8313-3994AE0ACEDB}.Debug|Any CPU.Build.0 = Debug|Any CPU
		{DBE64E20-EDC7-40EB-8313-3994AE0ACEDB}.Release|Any CPU.ActiveCfg = Release|Any CPU
		{DBE64E20-EDC7-40EB-8313-3994AE0ACEDB}.Release|Any CPU.Build.0 = Release|Any CPU
		{EA32F3D6-3D82-4026-9F1B-2E576253439B}.Debug|Any CPU.ActiveCfg = Debug|Any CPU
		{EA32F3D6-3D82-4026-9F1B-2E576253439B}.Debug|Any CPU.Build.0 = Debug|Any CPU
		{EA32F3D6-3D82-4026-9F1B-2E576253439B}.Release|Any CPU.ActiveCfg = Release|Any CPU
		{EA32F3D6-3D82-4026-9F1B-2E576253439B}.Release|Any CPU.Build.0 = Release|Any CPU
	EndGlobalSection
	GlobalSection(SolutionProperties) = preSolution
		HideSolutionNode = FALSE
	EndGlobalSection
	GlobalSection(ExtensibilityGlobals) = postSolution
		SolutionGuid = {629F9546-C752-4270-A886-ADE6F16A956E}
	EndGlobalSection
EndGlobal
